# Fully resolved Linux client environment tested on CPython 3.14.6 / Arch Linux.
#
# setup_linux.sh installs this file into a --system-site-packages venv. PyGObject,
# pycairo, GTK, WebKitGTK, and AppIndicator intentionally remain distro-managed;
# see README.md. Model weights are downloaded separately by faster-whisper.
anyio==4.14.2
av==18.0.0
bottle==0.13.4
certifi==2026.6.17
cffi==2.1.1
charset-normalizer==3.4.7
click==8.4.2
ctranslate2==4.8.1
evdev==1.9.3
faster-whisper==1.2.1
filelock==3.32.2
flatbuffers==25.12.19
fsspec==2026.7.0
h11==0.16.0
hf-xet==1.6.0
httpcore==1.0.9
httpx==0.28.1
huggingface-hub==1.27.0
idna==3.18
keyboard==0.13.5
numpy==2.5.1
nvidia-cublas-cu12==12.4.5.8
nvidia-cudnn-cu12==9.1.0.70
onnxruntime==1.28.0
packaging==26.2
pillow==12.3.0
protobuf==7.35.1
proxy-tools==0.1.0
pycparser==3.0
pynput==1.8.2
pyperclip==1.11.0
pystray==0.19.5
python-dotenv==1.2.2
python-xlib==0.33
pywebview==6.2.1
pyyaml==6.0.3
requests==2.34.2
six==1.17.0
sounddevice==0.5.5
tokenizers==0.23.1
tqdm==4.70.0
typing-extensions==4.16.0
urllib3==2.7.0
